
Microsoft Visual Studio Solution File, Format Version 12.00
# Visual Studio Version 17
VisualStudioVersion = 17.11.35303.130
MinimumVisualStudioVersion = 10.0.40219.1
Project("{FAE04EC0-301F-11D3-BF4B-00C04F79EFBC}") = "Projectnumb1 Windows app", "Projectnumb1 Windows app\Projectnumb1 Windows app.csproj", "{B6E2F418-E277-45AC-9E04-2B2014D64B47}"
EndProject
Global
	GlobalSection(SolutionConfigurationPlatforms) = preSolution
		Debug|Any CPU = Debug|Any CPU
		Release|Any CPU = Release|Any CPU
	EndGlobalSection
	GlobalSection(ProjectConfigurationPlatforms) = postSolution
		{B6E2F418-E277-45AC-9E04-2B2014D64B47}.Debug|Any CPU.ActiveCfg = Debug|Any CPU
		{B6E2F418-E277-45AC-9E04-2B2014D64B47}.Debug|Any CPU.Build.0 = Debug|Any CPU
		{B6E2F418-E277-45AC-9E04-2B2014D64B47}.Release|Any CPU.ActiveCfg = Release|Any CPU
		{B6E2F418-E277-45AC-9E04-2B2014D64B47}.Release|Any CPU.Build.0 = Release|Any CPU
	EndGlobalSection
	GlobalSection(SolutionProperties) = preSolution
		HideSolutionNode = FALSE
	EndGlobalSection
	GlobalSection(ExtensibilityGlobals) = postSolution
		SolutionGuid = {E93EEE01-06E2-4524-BC75-DA267A7DD9B6}
	EndGlobalSection
EndGlobal
